
Microsoft Visual Studio Solution File, Format Version 11.00
# Visual Studio 2010
Project("{FAE04EC0-301F-11D3-BF4B-00C04F79EFBC}") = "CS8803AGA", "CS8803AGA\CS8803AGA.csproj", "{EA288C05-EEC8-42EF-BEDD-10DA8D0EE15A}"
EndProject
Project("{FAE04EC0-301F-11D3-BF4B-00C04F79EFBC}") = "CS8803AGAContentPipeline", "CS8803AGAContentPipeline\CS8803AGAContentPipeline.csproj", "{22F000D5-ADF1-41FF-A5E3-4651A2759A77}"
EndProject
Project("{FAE04EC0-301F-11D3-BF4B-00C04F79EFBC}") = "CS8803AGAEditor", "CS8803AGAEditor\CS8803AGAEditor.csproj", "{4C9C1D33-FD3D-4D29-971B-525F5BF9B966}"
EndProject
Project("{FAE04EC0-301F-11D3-BF4B-00C04F79EFBC}") = "CS8803AGAGameLibrary", "CS8803AGAGameLibrary\CS8803AGAGameLibrary.csproj", "{DC6F55FA-5666-43E2-ABD7-C817F94E6F42}"
EndProject
Project("{FAE04EC0-301F-11D3-BF4B-00C04F79EFBC}") = "XMLTester", "XMLTester\XMLTester.csproj", "{82E25CA2-8D8F-4F25-B385-F7429877D02D}"
	ProjectSection(ProjectDependencies) = postProject
		{22F000D5-ADF1-41FF-A5E3-4651A2759A77} = {22F000D5-ADF1-41FF-A5E3-4651A2759A77}
	EndProjectSection
EndProject
Global
	GlobalSection(SolutionConfigurationPlatforms) = preSolution
		Debug|Any CPU = Debug|Any CPU
		Debug|Mixed Platforms = Debug|Mixed Platforms
		Debug|x86 = Debug|x86
		Debug|Xbox 360 = Debug|Xbox 360
		Debug|Zune = Debug|Zune
		Release|Any CPU = Release|Any CPU
		Release|Mixed Platforms = Release|Mixed Platforms
		Release|x86 = Release|x86
		Release|Xbox 360 = Release|Xbox 360
		Release|Zune = Release|Zune
	EndGlobalSection
	GlobalSection(ProjectConfigurationPlatforms) = postSolution
		{EA288C05-EEC8-42EF-BEDD-10DA8D0EE15A}.Debug|Any CPU.ActiveCfg = Debug|x86
		{EA288C05-EEC8-42EF-BEDD-10DA8D0EE15A}.Debug|Mixed Platforms.ActiveCfg = Debug|x86
		{EA288C05-EEC8-42EF-BEDD-10DA8D0EE15A}.Debug|Mixed Platforms.Build.0 = Debug|x86
		{EA288C05-EEC8-42EF-BEDD-10DA8D0EE15A}.Debug|x86.ActiveCfg = Debug|x86
		{EA288C05-EEC8-42EF-BEDD-10DA8D0EE15A}.Debug|x86.Build.0 = Debug|x86
		{EA288C05-EEC8-42EF-BEDD-10DA8D0EE15A}.Debug|Xbox 360.ActiveCfg = Debug|x86
		{EA288C05-EEC8-42EF-BEDD-10DA8D0EE15A}.Debug|Zune.ActiveCfg = Debug|x86
		{EA288C05-EEC8-42EF-BEDD-10DA8D0EE15A}.Release|Any CPU.ActiveCfg = Release|x86
		{EA288C05-EEC8-42EF-BEDD-10DA8D0EE15A}.Release|Mixed Platforms.ActiveCfg = Release|x86
		{EA288C05-EEC8-42EF-BEDD-10DA8D0EE15A}.Release|Mixed Platforms.Build.0 = Release|x86
		{EA288C05-EEC8-42EF-BEDD-10DA8D0EE15A}.Release|x86.ActiveCfg = Release|x86
		{EA288C05-EEC8-42EF-BEDD-10DA8D0EE15A}.Release|x86.Build.0 = Release|x86
		{EA288C05-EEC8-42EF-BEDD-10DA8D0EE15A}.Release|Xbox 360.ActiveCfg = Release|x86
		{EA288C05-EEC8-42EF-BEDD-10DA8D0EE15A}.Release|Zune.ActiveCfg = Release|x86
		{22F000D5-ADF1-41FF-A5E3-4651A2759A77}.Debug|Any CPU.ActiveCfg = Debug|x86
		{22F000D5-ADF1-41FF-A5E3-4651A2759A77}.Debug|Mixed Platforms.ActiveCfg = Debug|x86
		{22F000D5-ADF1-41FF-A5E3-4651A2759A77}.Debug|Mixed Platforms.Build.0 = Debug|x86
		{22F000D5-ADF1-41FF-A5E3-4651A2759A77}.Debug|x86.ActiveCfg = Debug|x86
		{22F000D5-ADF1-41FF-A5E3-4651A2759A77}.Debug|x86.Build.0 = Debug|x86
		{22F000D5-ADF1-41FF-A5E3-4651A2759A77}.Debug|Xbox 360.ActiveCfg = Debug|x86
		{22F000D5-ADF1-41FF-A5E3-4651A2759A77}.Debug|Zune.ActiveCfg = Debug|x86
		{22F000D5-ADF1-41FF-A5E3-4651A2759A77}.Release|Any CPU.ActiveCfg = Release|x86
		{22F000D5-ADF1-41FF-A5E3-4651A2759A77}.Release|Mixed Platforms.ActiveCfg = Release|x86
		{22F000D5-ADF1-41FF-A5E3-4651A2759A77}.Release|Mixed Platforms.Build.0 = Release|x86
		{22F000D5-ADF1-41FF-A5E3-4651A2759A77}.Release|x86.ActiveCfg = Release|x86
		{22F000D5-ADF1-41FF-A5E3-4651A2759A77}.Release|x86.Build.0 = Release|x86
		{22F000D5-ADF1-41FF-A5E3-4651A2759A77}.Release|Xbox 360.ActiveCfg = Release|x86
		{22F000D5-ADF1-41FF-A5E3-4651A2759A77}.Release|Zune.ActiveCfg = Release|x86
		{4C9C1D33-FD3D-4D29-971B-525F5BF9B966}.Debug|Any CPU.ActiveCfg = Debug|x86
		{4C9C1D33-FD3D-4D29-971B-525F5BF9B966}.Debug|Mixed Platforms.ActiveCfg = Debug|x86
		{4C9C1D33-FD3D-4D29-971B-525F5BF9B966}.Debug|Mixed Platforms.Build.0 = Debug|x86
		{4C9C1D33-FD3D-4D29-971B-525F5BF9B966}.Debug|x86.ActiveCfg = Debug|x86
		{4C9C1D33-FD3D-4D29-971B-525F5BF9B966}.Debug|x86.Build.0 = Debug|x86
		{4C9C1D33-FD3D-4D29-971B-525F5BF9B966}.Debug|Xbox 360.ActiveCfg = Debug|x86
		{4C9C1D33-FD3D-4D29-971B-525F5BF9B966}.Debug|Zune.ActiveCfg = Debug|x86
		{4C9C1D33-FD3D-4D29-971B-525F5BF9B966}.Release|Any CPU.ActiveCfg = Release|x86
		{4C9C1D33-FD3D-4D29-971B-525F5BF9B966}.Release|Mixed Platforms.ActiveCfg = Release|x86
		{4C9C1D33-FD3D-4D29-971B-525F5BF9B966}.Release|Mixed Platforms.Build.0 = Release|x86
		{4C9C1D33-FD3D-4D29-971B-525F5BF9B966}.Release|x86.ActiveCfg = Release|x86
		{4C9C1D33-FD3D-4D29-971B-525F5BF9B966}.Release|x86.Build.0 = Release|x86
		{4C9C1D33-FD3D-4D29-971B-525F5BF9B966}.Release|Xbox 360.ActiveCfg = Release|x86
		{4C9C1D33-FD3D-4D29-971B-525F5BF9B966}.Release|Zune.ActiveCfg = Release|x86
		{DC6F55FA-5666-43E2-ABD7-C817F94E6F42}.Debug|Any CPU.ActiveCfg = Debug|x86
		{DC6F55FA-5666-43E2-ABD7-C817F94E6F42}.Debug|Mixed Platforms.ActiveCfg = Debug|x86
		{DC6F55FA-5666-43E2-ABD7-C817F94E6F42}.Debug|Mixed Platforms.Build.0 = Debug|x86
		{DC6F55FA-5666-43E2-ABD7-C817F94E6F42}.Debug|x86.ActiveCfg = Debug|x86
		{DC6F55FA-5666-43E2-ABD7-C817F94E6F42}.Debug|x86.Build.0 = Debug|x86
		{DC6F55FA-5666-43E2-ABD7-C817F94E6F42}.Debug|Xbox 360.ActiveCfg = Debug|x86
		{DC6F55FA-5666-43E2-ABD7-C817F94E6F42}.Debug|Zune.ActiveCfg = Debug|x86
		{DC6F55FA-5666-43E2-ABD7-C817F94E6F42}.Release|Any CPU.ActiveCfg = Release|x86
		{DC6F55FA-5666-43E2-ABD7-C817F94E6F42}.Release|Mixed Platforms.ActiveCfg = Release|x86
		{DC6F55FA-5666-43E2-ABD7-C817F94E6F42}.Release|Mixed Platforms.Build.0 = Release|x86
		{DC6F55FA-5666-43E2-ABD7-C817F94E6F42}.Release|x86.ActiveCfg = Release|x86
		{DC6F55FA-5666-43E2-ABD7-C817F94E6F42}.Release|x86.Build.0 = Release|x86
		{DC6F55FA-5666-43E2-ABD7-C817F94E6F42}.Release|Xbox 360.ActiveCfg = Release|x86
		{DC6F55FA-5666-43E2-ABD7-C817F94E6F42}.Release|Zune.ActiveCfg = Release|x86
		{82E25CA2-8D8F-4F25-B385-F7429877D02D}.Debug|Any CPU.ActiveCfg = Debug|x86
		{82E25CA2-8D8F-4F25-B385-F7429877D02D}.Debug|Mixed Platforms.ActiveCfg = Debug|x86
		{82E25CA2-8D8F-4F25-B385-F7429877D02D}.Debug|Mixed Platforms.Build.0 = Debug|x86
		{82E25CA2-8D8F-4F25-B385-F7429877D02D}.Debug|x86.ActiveCfg = Debug|x86
		{82E25CA2-8D8F-4F25-B385-F7429877D02D}.Debug|x86.Build.0 = Debug|x86
		{82E25CA2-8D8F-4F25-B385-F7429877D02D}.Debug|Xbox 360.ActiveCfg = Debug|x86
		{82E25CA2-8D8F-4F25-B385-F7429877D02D}.Debug|Zune.ActiveCfg = Debug|x86
		{82E25CA2-8D8F-4F25-B385-F7429877D02D}.Release|Any CPU.ActiveCfg = Release|x86
		{82E25CA2-8D8F-4F25-B385-F7429877D02D}.Release|Mixed Platforms.ActiveCfg = Release|x86
		{82E25CA2-8D8F-4F25-B385-F7429877D02D}.Release|Mixed Platforms.Build.0 = Release|x86
		{82E25CA2-8D8F-4F25-B385-F7429877D02D}.Release|x86.ActiveCfg = Release|x86
		{82E25CA2-8D8F-4F25-B385-F7429877D02D}.Release|x86.Build.0 = Release|x86
		{82E25CA2-8D8F-4F25-B385-F7429877D02D}.Release|Xbox 360.ActiveCfg = Release|x86
		{82E25CA2-8D8F-4F25-B385-F7429877D02D}.Release|Zune.ActiveCfg = Release|x86
	EndGlobalSection
	GlobalSection(SolutionProperties) = preSolution
		HideSolutionNode = FALSE
	EndGlobalSection
EndGlobal
